// !$*UTF8*$!
{
	archiveVersion = 1;
	classes = {
	};
	objectVersion = 48;
	objects = {

/* Begin PBXBuildFile section */
		2049D5591F97456800E7F28D /* AppDelegate.swift in Sources */ = {isa = PBXBuildFile; fileRef = 2049D5581F97456800E7F28D /* AppDelegate.swift */; };
		2049D55B1F97456800E7F28D /* ViewController.swift in Sources */ = {isa = PBXBuildFile; fileRef = 2049D55A1F97456800E7F28D /* ViewController.swift */; };
		2049D55E1F97456800E7F28D /* Main.storyboard in Resources */ = {isa = PBXBuildFile; fileRef = 2049D55C1F97456800E7F28D /* Main.storyboard */; };
		2049D5601F97456800E7F28D /* Assets.xcassets in Resources */ = {isa = PBXBuildFile; fileRef = 2049D55F1F97456800E7F28D /* Assets.xcassets */; };
		2049D5631F97456800E7F28D /* LaunchScreen.storyboard in Resources */ = {isa = PBXBuildFile; fileRef = 2049D5611F97456800E7F28D /* LaunchScreen.storyboard */; };
		2049D56E1F97456900E7F28D /* WeatherTests.swift in Sources */ = {isa = PBXBuildFile; fileRef = 2049D56D1F97456900E7F28D /* WeatherTests.swift */; };
		2049D5791F97456900E7F28D /* WeatherUITests.swift in Sources */ = {isa = PBXBuildFile; fileRef = 2049D5781F97456900E7F28D /* WeatherUITests.swift */; };
/* End PBXBuildFile section */

/* Begin PBXContainerItemProxy section */
		2049D56A1F97456900E7F28D /* PBXContainerItemProxy */ = {
			isa = PBXContainerItemProxy;
			containerPortal = 2049D54D1F97456800E7F28D /* Project object */;
			proxyType = 1;
			remoteGlobalIDString = 2049D5541F97456800E7F28D;
			remoteInfo = Weather;
		};
		2049D5751F97456900E7F28D /* PBXContainerItemProxy */ = {
			isa = PBXContainerItemProxy;
			containerPortal = 2049D54D1F97456800E7F28D /* Project object */;
			proxyType = 1;
			remoteGlobalIDString = 2049D5541F97456800E7F28D;
			remoteInfo = Weather;
		};
/* End PBXContainerItemProxy section */

/* Begin PBXFileReference section */
		2049D5551F97456800E7F28D /* Weather.app */ = {isa = PBXFileReference; explicitFileType = wrapper.application; includeInIndex = 0; path = Weather.app; sourceTree = BUILT_PRODUCTS_DIR; };
		2049D5581F97456800E7F28D /* AppDelegate.swift */ = {isa = PBXFileReference; lastKnownFileType = sourcecode.swift; path = AppDelegate.swift; sourceTree = "<group>"; };
		2049D55A1F97456800E7F28D /* ViewController.swift */ = {isa = PBXFileReference; lastKnownFileType = sourcecode.swift; path = ViewController.swift; sourceTree = "<group>"; };
		2049D55D1F97456800E7F28D /* Base */ = {isa = PBXFileReference; lastKnownFileType = file.storyboard; name = Base; path = Base.lproj/Main.storyboard; sourceTree = "<group>"; };
		2049D55F1F97456800E7F28D /* Assets.xcassets */ = {isa = PBXFileReference; lastKnownFileType = folder.assetcatalog; path = Assets.xcassets; sourceTree = "<group>"; };
		2049D5621F97456800E7F28D /* Base */ = {isa = PBXFileReference; lastKnownFileType = file.storyboard; name = Base; path = Base.lproj/LaunchScreen.storyboard; sourceTree = "<group>"; };
		2049D5641F97456800E7F28D /* Info.plist */ = {isa = PBXFileReference; lastKnownFileType = text.plist.xml; path = Info.plist; sourceTree = "<group>"; };
		2049D5691F97456900E7F28D /* WeatherTests.xctest */ = {isa = PBXFileReference; explicitFileType = wrapper.cfbundle; includeInIndex = 0; path = WeatherTests.xctest; sourceTree = BUILT_PRODUCTS_DIR; };
		2049D56D1F97456900E7F28D /* WeatherTests.swift */ = {isa = PBXFileReference; lastKnownFileType = sourcecode.swift; path = WeatherTests.swift; sourceTree = "<group>"; };
		2049D56F1F97456900E7F28D /* Info.plist */ = {isa = PBXFileReference; lastKnownFileType = text.plist.xml; path = Info.plist; sourceTree = "<group>"; };
		2049D5741F97456900E7F28D /* WeatherUITests.xctest */ = {isa = PBXFileReference; explicitFileType = wrapper.cfbundle; includeInIndex = 0; path = WeatherUITests.xctest; sourceTree = BUILT_PRODUCTS_DIR; };
		2049D5781F97456900E7F28D /* WeatherUITests.swift */ = {isa = PBXFileReference; lastKnownFileType = sourcecode.swift; path = WeatherUITests.swift; sourceTree = "<group>"; };
		2049D57A1F97456900E7F28D /* Info.plist */ = {isa = PBXFileReference; lastKnownFileType = text.plist.xml; path = Info.plist; sourceTree = "<group>"; };
/* End PBXFileReference section */

/* Begin PBXFrameworksBuildPhase section */
		2049D5521F97456800E7F28D /* Frameworks */ = {
			isa = PBXFrameworksBuildPhase;
			buildActionMask = 2147483647;
			files = (
			);
			runOnlyForDeploymentPostprocessing = 0;
		};
		2049D5661F97456900E7F28D /* Frameworks */ = {
			isa = PBXFrameworksBuildPhase;
			buildActionMask = 2147483647;
			files = (
			);
			runOnlyForDeploymentPostprocessing = 0;
		};
		2049D5711F97456900E7F28D /* Frameworks */ = {
			isa = PBXFrameworksBuildPhase;
			buildActionMask = 2147483647;
			files = (
			);
			runOnlyForDeploymentPostprocessing = 0;
		};
/* End PBXFrameworksBuildPhase section */

/* Begin PBXGroup section */
		2049D54C1F97456800E7F28D = {
			isa = PBXGroup;
			children = (
				2049D5571F97456800E7F28D /* Weather */,
				2049D56C1F97456900E7F28D /* WeatherTests */,
				2049D5771F97456900E7F28D /* WeatherUITests */,
				2049D5561F97456800E7F28D /* Products */,
			);
			sourceTree = "<group>";
		};
		2049D5561F97456800E7F28D /* Products */ = {
			isa = PBXGroup;
			children = (
				2049D5551F97456800E7F28D /* Weather.app */,
				2049D5691F97456900E7F28D /* WeatherTests.xctest */,
				2049D5741F97456900E7F28D /* WeatherUITests.xctest */,
			);
			name = Products;
			sourceTree = "<group>";
		};
		2049D5571F97456800E7F28D /* Weather */ = {
			isa = PBXGroup;
			children = (
				2049D5581F97456800E7F28D /* AppDelegate.swift */,
				2049D55A1F97456800E7F28D /* ViewController.swift */,
				2049D55C1F97456800E7F28D /* Main.storyboard */,
				2049D55F1F97456800E7F28D /* Assets.xcassets */,
				2049D5611F97456800E7F28D /* LaunchScreen.storyboard */,
				2049D5641F97456800E7F28D /* Info.plist */,
			);
			path = Weather;
			sourceTree = "<group>";
		};
		2049D56C1F97456900E7F28D /* WeatherTests */ = {
			isa = PBXGroup;
			children = (
				2049D56D1F97456900E7F28D /* WeatherTests.swift */,
				2049D56F1F97456900E7F28D /* Info.plist */,
			);
			path = WeatherTests;
			sourceTree = "<group>";
		};
		2049D5771F97456900E7F28D /* WeatherUITests */ = {
			isa = PBXGroup;
			children = (
				2049D5781F97456900E7F28D /* WeatherUITests.swift */,
				2049D57A1F97456900E7F28D /* Info.plist */,
			);
			path = WeatherUITests;
			sourceTree = "<group>";
		};
/* End PBXGroup section */

/* Begin PBXNativeTarget section */
		2049D5541F97456800E7F28D /* Weather */ = {
			isa = PBXNativeTarget;
			buildConfigurationList = 2049D57D1F97456900E7F28D /* Build configuration list for PBXNativeTarget "Weather" */;
			buildPhases = (
				2049D5511F97456800E7F28D /* Sources */,
				2049D5521F97456800E7F28D /* Frameworks */,
				2049D5531F97456800E7F28D /* Resources */,
			);
			buildRules = (
			);
			dependencies = (
			);
			name = Weather;
			productName = Weather;
			productReference = 2049D5551F97456800E7F28D /* Weather.app */;
			productType = "com.apple.product-type.application";
		};
		2049D5681F97456900E7F28D /* WeatherTests */ = {
			isa = PBXNativeTarget;
			buildConfigurationList = 2049D5801F97456900E7F28D /* Build configuration list for PBXNativeTarget "WeatherTests" */;
			buildPhases = (
				2049D5651F97456900E7F28D /* Sources */,
				2049D5661F97456900E7F28D /* Frameworks */,
				2049D5671F97456900E7F28D /* Resources */,
			);
			buildRules = (
			);
			dependencies = (
				2049D56B1F97456900E7F28D /* PBXTargetDependency */,
			);
			name = WeatherTests;
			productName = WeatherTests;
			productReference = 2049D5691F97456900E7F28D /* WeatherTests.xctest */;
			productType = "com.apple.product-type.bundle.unit-test";
		};
		2049D5731F97456900E7F28D /* WeatherUITests */ = {
			isa = PBXNativeTarget;
			buildConfigurationList = 2049D5831F97456900E7F28D /* Build configuration list for PBXNativeTarget "WeatherUITests" */;
			buildPhases = (
				2049D5701F97456900E7F28D /* Sources */,
				2049D5711F97456900E7F28D /* Frameworks */,
				2049D5721F97456900E7F28D /* Resources */,
			);
			buildRules = (
			);
			dependencies = (
				2049D5761F97456900E7F28D /* PBXTargetDependency */,
			);
			name = WeatherUITests;
			productName = WeatherUITests;
			productReference = 2049D5741F97456900E7F28D /* WeatherUITests.xctest */;
			productType = "com.apple.product-type.bundle.ui-testing";
		};
/* End PBXNativeTarget section */

/* Begin PBXProject section */
		2049D54D1F97456800E7F28D /* Project object */ = {
			isa = PBXProject;
			attributes = {
				LastSwiftUpdateCheck = 0900;
				LastUpgradeCheck = 0900;
				ORGANIZATIONNAME = "Dhruvin Patel";
				TargetAttributes = {
					2049D5541F97456800E7F28D = {
						CreatedOnToolsVersion = 9.0.1;
						ProvisioningStyle = Automatic;
					};
					2049D5681F97456900E7F28D = {
						CreatedOnToolsVersion = 9.0.1;
						ProvisioningStyle = Automatic;
						TestTargetID = 2049D5541F97456800E7F28D;
					};
					2049D5731F97456900E7F28D = {
						CreatedOnToolsVersion = 9.0.1;
						ProvisioningStyle = Automatic;
						TestTargetID = 2049D5541F97456800E7F28D;
					};
				};
			};
			buildConfigurationList = 2049D5501F97456800E7F28D /* Build configuration list for PBXProject "Weather" */;
			compatibilityVersion = "Xcode 8.0";
			developmentRegion = en;
			hasScannedForEncodings = 0;
			knownRegions = (
				en,
				Base,
			);
			mainGroup = 2049D54C1F97456800E7F28D;
			productRefGroup = 2049D5561F97456800E7F28D /* Products */;
			projectDirPath = "";
			projectRoot = "";
			targets = (
				2049D5541F97456800E7F28D /* Weather */,
				2049D5681F97456900E7F28D /* WeatherTests */,
				2049D5731F97456900E7F28D /* WeatherUITests */,
			);
		};
/* End PBXProject section */

/* Begin PBXResourcesBuildPhase section */
		2049D5531F97456800E7F28D /* Resources */ = {
			isa = PBXResourcesBuildPhase;
			buildActionMask = 2147483647;
			files = (
				2049D5631F97456800E7F28D /* LaunchScreen.storyboard in Resources */,
				2049D5601F97456800E7F28D /* Assets.xcassets in Resources */,
				2049D55E1F97456800E7F28D /* Main.storyboard in Resources */,
			);
			runOnlyForDeploymentPostprocessing = 0;
		};
		2049D5671F97456900E7F28D /* Resources */ = {
			isa = PBXResourcesBuildPhase;
			buildActionMask = 2147483647;
			files = (
			);
			runOnlyForDeploymentPostprocessing = 0;
		};
		2049D5721F97456900E7F28D /* Resources */ = {
			isa = PBXResourcesBuildPhase;
			buildActionMask = 2147483647;
			files = (
			);
			runOnlyForDeploymentPostprocessing = 0;
		};
/* End PBXResourcesBuildPhase section */

/* Begin PBXSourcesBuildPhase section */
		2049D5511F97456800E7F28D /* Sources */ = {
			isa = PBXSourcesBuildPhase;
			buildActionMask = 2147483647;
			files = (
				2049D55B1F97456800E7F28D /* ViewController.swift in Sources */,
				2049D5591F97456800E7F28D /* AppDelegate.swift in Sources */,
			);
			runOnlyForDeploymentPostprocessing = 0;
		};
		2049D5651F97456900E7F28D /* Sources */ = {
			isa = PBXSourcesBuildPhase;
			buildActionMask = 2147483647;
			files = (
				2049D56E1F97456900E7F28D /* WeatherTests.swift in Sources */,
			);
			runOnlyForDeploymentPostprocessing = 0;
		};
		2049D5701F97456900E7F28D /* Sources */ = {
			isa = PBXSourcesBuildPhase;
			buildActionMask = 2147483647;
			files = (
				2049D5791F97456900E7F28D /* WeatherUITests.swift in Sources */,
			);
			runOnlyForDeploymentPostprocessing = 0;
		};
/* End PBXSourcesBuildPhase section */

/* Begin PBXTargetDependency section */
		2049D56B1F97456900E7F28D /* PBXTargetDependency */ = {
			isa = PBXTargetDependency;
			target = 2049D5541F97456800E7F28D /* Weather */;
			targetProxy = 2049D56A1F97456900E7F28D /* PBXContainerItemProxy */;
		};
		2049D5761F97456900E7F28D /* PBXTargetDependency */ = {
			isa = PBXTargetDependency;
			target = 2049D5541F97456800E7F28D /* Weather */;
			targetProxy = 2049D5751F97456900E7F28D /* PBXContainerItemProxy */;
		};
/* End PBXTargetDependency section */

/* Begin PBXVariantGroup section */
		2049D55C1F97456800E7F28D /* Main.storyboard */ = {
			isa = PBXVariantGroup;
			children = (
				2049D55D1F97456800E7F28D /* Base */,
			);
			name = Main.storyboard;
			sourceTree = "<group>";
		};
		2049D5611F97456800E7F28D /* LaunchScreen.storyboard */ = {
			isa = PBXVariantGroup;
			children = (
				2049D5621F97456800E7F28D /* Base */,
			);
			name = LaunchScreen.storyboard;
			sourceTree = "<group>";
		};
/* End PBXVariantGroup section */

/* Begin XCBuildConfiguration section */
		2049D57B1F97456900E7F28D /* Debug */ = {
			isa = XCBuildConfiguration;
			buildSettings = {
				ALWAYS_SEARCH_USER_PATHS = NO;
				CLANG_ANALYZER_NONNULL = YES;
				CLANG_ANALYZER_NUMBER_OBJECT_CONVERSION = YES_AGGRESSIVE;
				CLANG_CXX_LANGUAGE_STANDARD = "gnu++14";
				CLANG_CXX_LIBRARY = "libc++";
				CLANG_ENABLE_MODULES = YES;
				CLANG_ENABLE_OBJC_ARC = YES;
				CLANG_WARN_BLOCK_CAPTURE_AUTORELEASING = YES;
				CLANG_WARN_BOOL_CONVERSION = YES;
				CLANG_WARN_COMMA = YES;
				CLANG_WARN_CONSTANT_CONVERSION = YES;
				CLANG_WARN_DIRECT_OBJC_ISA_USAGE = YES_ERROR;
				CLANG_WARN_DOCUMENTATION_COMMENTS = YES;
				CLANG_WARN_EMPTY_BODY = YES;
				CLANG_WARN_ENUM_CONVERSION = YES;
				CLANG_WARN_INFINITE_RECURSION = YES;
				CLANG_WARN_INT_CONVERSION = YES;
				CLANG_WARN_NON_LITERAL_NULL_CONVERSION = YES;
				CLANG_WARN_OBJC_LITERAL_CONVERSION = YES;
				CLANG_WARN_OBJC_ROOT_CLASS = YES_ERROR;
				CLANG_WARN_RANGE_LOOP_ANALYSIS = YES;
				CLANG_WARN_STRICT_PROTOTYPES = YES;
				CLANG_WARN_SUSPICIOUS_MOVE = YES;
				CLANG_WARN_UNGUARDED_AVAILABILITY = YES_AGGRESSIVE;
				CLANG_WARN_UNREACHABLE_CODE = YES;
				CLANG_WARN__DUPLICATE_METHOD_MATCH = YES;
				CODE_SIGN_IDENTITY = "iPhone Developer";
				COPY_PHASE_STRIP = NO;
				DEBUG_INFORMATION_FORMAT = dwarf;
				ENABLE_STRICT_OBJC_MSGSEND = YES;
				ENABLE_TESTABILITY = YES;
				GCC_C_LANGUAGE_STANDARD = gnu11;
				GCC_DYNAMIC_NO_PIC = NO;
				GCC_NO_COMMON_BLOCKS = YES;
				GCC_OPTIMIZATION_LEVEL = 0;
				GCC_PREPROCESSOR_DEFINITIONS = (
					"DEBUG=1",
					"$(inherited)",
				);
				GCC_WARN_64_TO_32_BIT_CONVERSION = YES;
				GCC_WARN_ABOUT_RETURN_TYPE = YES_ERROR;
				GCC_WARN_UNDECLARED_SELECTOR = YES;
				GCC_WARN_UNINITIALIZED_AUTOS = YES_AGGRESSIVE;
				GCC_WARN_UNUSED_FUNCTION = YES;
				GCC_WARN_UNUSED_VARIABLE = YES;
				IPHONEOS_DEPLOYMENT_TARGET = 11.0;
				MTL_ENABLE_DEBUG_INFO = YES;
				ONLY_ACTIVE_ARCH = YES;
				SDKROOT = iphoneos;
				SWIFT_ACTIVE_COMPILATION_CONDITIONS = DEBUG;
				SWIFT_OPTIMIZATION_LEVEL = "-Onone";
			};
			name = Debug;
		};
		2049D57C1F97456900E7F28D /* Release */ = {
			isa = XCBuildConfiguration;
			buildSettings = {
				ALWAYS_SEARCH_USER_PATHS = NO;
				CLANG_ANALYZER_NONNULL = YES;
				CLANG_ANALYZER_NUMBER_OBJECT_CONVERSION = YES_AGGRESSIVE;
				CLANG_CXX_LANGUAGE_STANDARD = "gnu++14";
				CLANG_CXX_LIBRARY = "libc++";
				CLANG_ENABLE_MODULES = YES;
				CLANG_ENABLE_OBJC_ARC = YES;
				CLANG_WARN_BLOCK_CAPTURE_AUTORELEASING = YES;
				CLANG_WARN_BOOL_CONVERSION = YES;
				CLANG_WARN_COMMA = YES;
				CLANG_WARN_CONSTANT_CONVERSION = YES;
				CLANG_WARN_DIRECT_OBJC_ISA_USAGE = YES_ERROR;
				CLANG_WARN_DOCUMENTATION_COMMENTS = YES;
				CLANG_WARN_EMPTY_BODY = YES;
				CLANG_WARN_ENUM_CONVERSION = YES;
				CLANG_WARN_INFINITE_RECURSION = YES;
				CLANG_WARN_INT_CONVERSION = YES;
				CLANG_WARN_NON_LITERAL_NULL_CONVERSION = YES;
				CLANG_WARN_OBJC_LITERAL_CONVERSION = YES;
				CLANG_WARN_OBJC_ROOT_CLASS = YES_ERROR;
				CLANG_WARN_RANGE_LOOP_ANALYSIS = YES;
				CLANG_WARN_STRICT_PROTOTYPES = YES;
				CLANG_WARN_SUSPICIOUS_MOVE = YES;
				CLANG_WARN_UNGUARDED_AVAILABILITY = YES_AGGRESSIVE;
				CLANG_WARN_UNREACHABLE_CODE = YES;
				CLANG_WARN__DUPLICATE_METHOD_MATCH = YES;
				CODE_SIGN_IDENTITY = "iPhone Developer";
				COPY_PHASE_STRIP = NO;
				DEBUG_INFORMATION_FORMAT = "dwarf-with-dsym";
				ENABLE_NS_ASSERTIONS = NO;
				ENABLE_STRICT_OBJC_MSGSEND = YES;
				GCC_C_LANGUAGE_STANDARD = gnu11;
				GCC_NO_COMMON_BLOCKS = YES;
				GCC_WARN_64_TO_32_BIT_CONVERSION = YES;
				GCC_WARN_ABOUT_RETURN_TYPE = YES_ERROR;
				GCC_WARN_UNDECLARED_SELECTOR = YES;
				GCC_WARN_UNINITIALIZED_AUTOS = YES_AGGRESSIVE;
				GCC_WARN_UNUSED_FUNCTION = YES;
				GCC_WARN_UNUSED_VARIABLE = YES;
				IPHONEOS_DEPLOYMENT_TARGET = 11.0;
				MTL_ENABLE_DEBUG_INFO = NO;
				SDKROOT = iphoneos;
				SWIFT_OPTIMIZATION_LEVEL = "-Owholemodule";
				VALIDATE_PRODUCT = YES;
			};
			name = Release;
		};
		2049D57E1F97456900E7F28D /* Debug */ = {
			isa = XCBuildConfiguration;
			buildSettings = {
				ASSETCATALOG_COMPILER_APPICON_NAME = AppIcon;
				CODE_SIGN_STYLE = Automatic;
				INFOPLIST_FILE = Weather/Info.plist;
				LD_RUNPATH_SEARCH_PATHS = "$(inherited) @executable_path/Frameworks";
				PRODUCT_BUNDLE_IDENTIFIER = com.himanishah.Weather.Weather;
				PRODUCT_NAME = "$(TARGET_NAME)";
				SWIFT_VERSION = 4.0;
				TARGETED_DEVICE_FAMILY = "1,2";
			};
			name = Debug;
		};
		2049D57F1F97456900E7F28D /* Release */ = {
			isa = XCBuildConfiguration;
			buildSettings = {
				ASSETCATALOG_COMPILER_APPICON_NAME = AppIcon;
				CODE_SIGN_STYLE = Automatic;
				INFOPLIST_FILE = Weather/Info.plist;
				LD_RUNPATH_SEARCH_PATHS = "$(inherited) @executable_path/Frameworks";
				PRODUCT_BUNDLE_IDENTIFIER = com.himanishah.Weather.Weather;
				PRODUCT_NAME = "$(TARGET_NAME)";
				SWIFT_VERSION = 4.0;
				TARGETED_DEVICE_FAMILY = "1,2";
			};
			name = Release;
		};
		2049D5811F97456900E7F28D /* Debug */ = {
			isa = XCBuildConfiguration;
			buildSettings = {
				ALWAYS_EMBED_SWIFT_STANDARD_LIBRARIES = YES;
				BUNDLE_LOADER = "$(TEST_HOST)";
				CODE_SIGN_STYLE = Automatic;
				INFOPLIST_FILE = WeatherTests/Info.plist;
				LD_RUNPATH_SEARCH_PATHS = "$(inherited) @executable_path/Frameworks @loader_path/Frameworks";
				PRODUCT_BUNDLE_IDENTIFIER = com.himanishah.Weather.WeatherTests;
				PRODUCT_NAME = "$(TARGET_NAME)";
				SWIFT_VERSION = 4.0;
				TARGETED_DEVICE_FAMILY = "1,2";
				TEST_HOST = "$(BUILT_PRODUCTS_DIR)/Weather.app/Weather";
			};
			name = Debug;
		};
		2049D5821F97456900E7F28D /* Release */ = {
			isa = XCBuildConfiguration;
			buildSettings = {
				ALWAYS_EMBED_SWIFT_STANDARD_LIBRARIES = YES;
				BUNDLE_LOADER = "$(TEST_HOST)";
				CODE_SIGN_STYLE = Automatic;
				INFOPLIST_FILE = WeatherTests/Info.plist;
				LD_RUNPATH_SEARCH_PATHS = "$(inherited) @executable_path/Frameworks @loader_path/Frameworks";
				PRODUCT_BUNDLE_IDENTIFIER = com.himanishah.Weather.WeatherTests;
				PRODUCT_NAME = "$(TARGET_NAME)";
				SWIFT_VERSION = 4.0;
				TARGETED_DEVICE_FAMILY = "1,2";
				TEST_HOST = "$(BUILT_PRODUCTS_DIR)/Weather.app/Weather";
			};
			name = Release;
		};
		2049D5841F97456900E7F28D /* Debug */ = {
			isa = XCBuildConfiguration;
			buildSettings = {
				ALWAYS_EMBED_SWIFT_STANDARD_LIBRARIES = YES;
				CODE_SIGN_STYLE = Automatic;
				INFOPLIST_FILE = WeatherUITests/Info.plist;
				LD_RUNPATH_SEARCH_PATHS = "$(inherited) @executable_path/Frameworks @loader_path/Frameworks";
				PRODUCT_BUNDLE_IDENTIFIER = com.himanishah.Weather.WeatherUITests;
				PRODUCT_NAME = "$(TARGET_NAME)";
				SWIFT_VERSION = 4.0;
				TARGETED_DEVICE_FAMILY = "1,2";
				TEST_TARGET_NAME = Weather;
			};
			name = Debug;
		};
		2049D5851F97456900E7F28D /* Release */ = {
			isa = XCBuildConfiguration;
			buildSettings = {
				ALWAYS_EMBED_SWIFT_STANDARD_LIBRARIES = YES;
				CODE_SIGN_STYLE = Automatic;
				INFOPLIST_FILE = WeatherUITests/Info.plist;
				LD_RUNPATH_SEARCH_PATHS = "$(inherited) @executable_path/Frameworks @loader_path/Frameworks";
				PRODUCT_BUNDLE_IDENTIFIER = com.himanishah.Weather.WeatherUITests;
				PRODUCT_NAME = "$(TARGET_NAME)";
				SWIFT_VERSION = 4.0;
				TARGETED_DEVICE_FAMILY = "1,2";
				TEST_TARGET_NAME = Weather;
			};
			name = Release;
		};
/* End XCBuildConfiguration section */

/* Begin XCConfigurationList section */
		2049D5501F97456800E7F28D /* Build configuration list for PBXProject "Weather" */ = {
			isa = XCConfigurationList;
			buildConfigurations = (
				2049D57B1F97456900E7F28D /* Debug */,
				2049D57C1F97456900E7F28D /* Release */,
			);
			defaultConfigurationIsVisible = 0;
			defaultConfigurationName = Release;
		};
		2049D57D1F97456900E7F28D /* Build configuration list for PBXNativeTarget "Weather" */ = {
			isa = XCConfigurationList;
			buildConfigurations = (
				2049D57E1F97456900E7F28D /* Debug */,
				2049D57F1F97456900E7F28D /* Release */,
			);
			defaultConfigurationIsVisible = 0;
			defaultConfigurationName = Release;
		};
		2049D5801F97456900E7F28D /* Build configuration list for PBXNativeTarget "WeatherTests" */ = {
			isa = XCConfigurationList;
			buildConfigurations = (
				2049D5811F97456900E7F28D /* Debug */,
				2049D5821F97456900E7F28D /* Release */,
			);
			defaultConfigurationIsVisible = 0;
			defaultConfigurationName = Release;
		};
		2049D5831F97456900E7F28D /* Build configuration list for PBXNativeTarget "WeatherUITests" */ = {
			isa = XCConfigurationList;
			buildConfigurations = (
				2049D5841F97456900E7F28D /* Debug */,
				2049D5851F97456900E7F28D /* Release */,
			);
			defaultConfigurationIsVisible = 0;
			defaultConfigurationName = Release;
		};
/* End XCConfigurationList section */
	};
	rootObject = 2049D54D1F97456800E7F28D /* Project object */;
}
